
Microsoft Visual Studio Solution File, Format Version 12.00
# Visual Studio Version 16
VisualStudioVersion = 16.0.30309.148
MinimumVisualStudioVersion = 10.0.40219.1
Project("{9A19103F-16F7-4668-BE54-9A1E7A4F7556}") = "ConsoleApp", "ConsoleApp\ConsoleApp.csproj", "{AD47EF80-8940-4F6B-93DF-78E0759E6821}"
EndProject
Project("{FAE04EC0-301F-11D3-BF4B-00C04F79EFBC}") = "WindowsFormsApp", "WindowsFormsApp\WindowsFormsApp.csproj", "{506E266F-7A12-4151-8094-78E15D2BD01F}"
EndProject
Global
	GlobalSection(SolutionConfigurationPlatforms) = preSolution
		Debug|Any CPU = Debug|Any CPU
		Release|Any CPU = Release|Any CPU
	EndGlobalSection
	GlobalSection(ProjectConfigurationPlatforms) = postSolution
		{AD47EF80-8940-4F6B-93DF-78E0759E6821}.Debug|Any CPU.ActiveCfg = Debug|Any CPU
		{AD47EF80-8940-4F6B-93DF-78E0759E6821}.Debug|Any CPU.Build.0 = Debug|Any CPU
		{AD47EF80-8940-4F6B-93DF-78E0759E6821}.Release|Any CPU.ActiveCfg = Release|Any CPU
		{AD47EF80-8940-4F6B-93DF-78E0759E6821}.Release|Any CPU.Build.0 = Release|Any CPU
		{506E266F-7A12-4151-8094-78E15D2BD01F}.Debug|Any CPU.ActiveCfg = Debug|Any CPU
		{506E266F-7A12-4151-8094-78E15D2BD01F}.Debug|Any CPU.Build.0 = Debug|Any CPU
		{506E266F-7A12-4151-8094-78E15D2BD01F}.Release|Any CPU.ActiveCfg = Release|Any CPU
		{506E266F-7A12-4151-8094-78E15D2BD01F}.Release|Any CPU.Build.0 = Release|Any CPU
	EndGlobalSection
	GlobalSection(SolutionProperties) = preSolution
		HideSolutionNode = FALSE
	EndGlobalSection
	GlobalSection(ExtensibilityGlobals) = postSolution
		SolutionGuid = {B46F58B0-AB6B-4A83-832C-FEE64DEDE53A}
	EndGlobalSection
EndGlobal
